
Microsoft Visual Studio Solution File, Format Version 12.00
# Visual Studio Version 17
VisualStudioVersion = 17.5.33627.172
MinimumVisualStudioVersion = 10.0.40219.1
Project("{9A19103F-16F7-4668-BE54-9A1E7A4F7556}") = "PromacWPF", "PromacWPF.csproj", "{E713DBD3-D280-4001-9EA7-C009C7841C21}"
EndProject
Global
	GlobalSection(SolutionConfigurationPlatforms) = preSolution
		Debug|Any CPU = Debug|Any CPU
		Release|Any CPU = Release|Any CPU
	EndGlobalSection
	GlobalSection(ProjectConfigurationPlatforms) = postSolution
		{E713DBD3-D280-4001-9EA7-C009C7841C21}.Debug|Any CPU.ActiveCfg = Debug|Any CPU
		{E713DBD3-D280-4001-9EA7-C009C7841C21}.Debug|Any CPU.Build.0 = Debug|Any CPU
		{E713DBD3-D280-4001-9EA7-C009C7841C21}.Release|Any CPU.ActiveCfg = Release|Any CPU
		{E713DBD3-D280-4001-9EA7-C009C7841C21}.Release|Any CPU.Build.0 = Release|Any CPU
	EndGlobalSection
	GlobalSection(SolutionProperties) = preSolution
		HideSolutionNode = FALSE
	EndGlobalSection
	GlobalSection(ExtensibilityGlobals) = postSolution
		SolutionGuid = {8FAA6254-58E4-4ECF-933B-3980E2773373}
	EndGlobalSection
EndGlobal
